// !$*UTF8*$!
{
	archiveVersion = 1;
	classes = {
	};
	objectVersion = 46;
	objects = {

/* Begin PBXBuildFile section */
		18C695171CE69AD700CCD846 /* Algorithms.swift in Sources */ = {isa = PBXBuildFile; fileRef = 18C695161CE69AD700CCD846 /* Algorithms.swift */; };
		18C695191CE7A83200CCD846 /* AMSExtension.swift in Sources */ = {isa = PBXBuildFile; fileRef = 18C695181CE7A83200CCD846 /* AMSExtension.swift */; };
		18EB26BD1CDD87200033274B /* AppDelegate.swift in Sources */ = {isa = PBXBuildFile; fileRef = 18EB26BC1CDD87200033274B /* AppDelegate.swift */; };
		18EB26BF1CDD87200033274B /* AMSumViewController.swift in Sources */ = {isa = PBXBuildFile; fileRef = 18EB26BE1CDD87200033274B /* AMSumViewController.swift */; };
		18EB26C21CDD87200033274B /* Main.storyboard in Resources */ = {isa = PBXBuildFile; fileRef = 18EB26C01CDD87200033274B /* Main.storyboard */; };
		18EB26C41CDD87200033274B /* Assets.xcassets in Resources */ = {isa = PBXBuildFile; fileRef = 18EB26C31CDD87200033274B /* Assets.xcassets */; };
		18EB26C71CDD87200033274B /* LaunchScreen.storyboard in Resources */ = {isa = PBXBuildFile; fileRef = 18EB26C51CDD87200033274B /* LaunchScreen.storyboard */; };
/* End PBXBuildFile section */

/* Begin PBXFileReference section */
		1875B4AB1CE11CC5003710B1 /* README.md */ = {isa = PBXFileReference; fileEncoding = 4; lastKnownFileType = net.daringfireball.markdown; path = README.md; sourceTree = "<group>"; };
		18C695161CE69AD700CCD846 /* Algorithms.swift */ = {isa = PBXFileReference; fileEncoding = 4; lastKnownFileType = sourcecode.swift; path = Algorithms.swift; sourceTree = "<group>"; };
		18C695181CE7A83200CCD846 /* AMSExtension.swift */ = {isa = PBXFileReference; fileEncoding = 4; lastKnownFileType = sourcecode.swift; path = AMSExtension.swift; sourceTree = "<group>"; };
		18EB26B91CDD87200033274B /* SwiftArrayParse.app */ = {isa = PBXFileReference; explicitFileType = wrapper.application; includeInIndex = 0; path = SwiftArrayParse.app; sourceTree = BUILT_PRODUCTS_DIR; };
		18EB26BC1CDD87200033274B /* AppDelegate.swift */ = {isa = PBXFileReference; lastKnownFileType = sourcecode.swift; path = AppDelegate.swift; sourceTree = "<group>"; };
		18EB26BE1CDD87200033274B /* AMSumViewController.swift */ = {isa = PBXFileReference; lastKnownFileType = sourcecode.swift; path = AMSumViewController.swift; sourceTree = "<group>"; };
		18EB26C11CDD87200033274B /* Base */ = {isa = PBXFileReference; lastKnownFileType = file.storyboard; name = Base; path = Base.lproj/Main.storyboard; sourceTree = "<group>"; };
		18EB26C31CDD87200033274B /* Assets.xcassets */ = {isa = PBXFileReference; lastKnownFileType = folder.assetcatalog; path = Assets.xcassets; sourceTree = "<group>"; };
		18EB26C61CDD87200033274B /* Base */ = {isa = PBXFileReference; lastKnownFileType = file.storyboard; name = Base; path = Base.lproj/LaunchScreen.storyboard; sourceTree = "<group>"; };
		18EB26C81CDD87200033274B /* Info.plist */ = {isa = PBXFileReference; lastKnownFileType = text.plist.xml; path = Info.plist; sourceTree = "<group>"; };
/* End PBXFileReference section */

/* Begin PBXFrameworksBuildPhase section */
		18EB26B61CDD87200033274B /* Frameworks */ = {
			isa = PBXFrameworksBuildPhase;
			buildActionMask = 2147483647;
			files = (
			);
			runOnlyForDeploymentPostprocessing = 0;
		};
/* End PBXFrameworksBuildPhase section */

/* Begin PBXGroup section */
		18C6951A1CE7A9D900CCD846 /* ArrayMemberSum */ = {
			isa = PBXGroup;
			children = (
				18EB26BE1CDD87200033274B /* AMSumViewController.swift */,
				18C695181CE7A83200CCD846 /* AMSExtension.swift */,
			);
			name = ArrayMemberSum;
			sourceTree = "<group>";
		};
		18EB26B01CDD871F0033274B = {
			isa = PBXGroup;
			children = (
				1875B4AB1CE11CC5003710B1 /* README.md */,
				18EB26BB1CDD87200033274B /* ArrayParse */,
				18EB26BA1CDD87200033274B /* Products */,
			);
			sourceTree = "<group>";
		};
		18EB26BA1CDD87200033274B /* Products */ = {
			isa = PBXGroup;
			children = (
				18EB26B91CDD87200033274B /* SwiftArrayParse.app */,
			);
			name = Products;
			sourceTree = "<group>";
		};
		18EB26BB1CDD87200033274B /* ArrayParse */ = {
			isa = PBXGroup;
			children = (
				18EB26BC1CDD87200033274B /* AppDelegate.swift */,
				18C6951A1CE7A9D900CCD846 /* ArrayMemberSum */,
				18C695161CE69AD700CCD846 /* Algorithms.swift */,
				18EB26C01CDD87200033274B /* Main.storyboard */,
				18EB26C31CDD87200033274B /* Assets.xcassets */,
				18EB26C51CDD87200033274B /* LaunchScreen.storyboard */,
				18EB26C81CDD87200033274B /* Info.plist */,
			);
			path = ArrayParse;
			sourceTree = "<group>";
		};
/* End PBXGroup section */

/* Begin PBXNativeTarget section */
		18EB26B81CDD87200033274B /* SwiftArrayParse */ = {
			isa = PBXNativeTarget;
			buildConfigurationList = 18EB26CB1CDD87200033274B /* Build configuration list for PBXNativeTarget "SwiftArrayParse" */;
			buildPhases = (
				18EB26B51CDD87200033274B /* Sources */,
				18EB26B61CDD87200033274B /* Frameworks */,
				18EB26B71CDD87200033274B /* Resources */,
			);
			buildRules = (
			);
			dependencies = (
			);
			name = SwiftArrayParse;
			productName = ArrayParse;
			productReference = 18EB26B91CDD87200033274B /* SwiftArrayParse.app */;
			productType = "com.apple.product-type.application";
		};
/* End PBXNativeTarget section */

/* Begin PBXProject section */
		18EB26B11CDD871F0033274B /* Project object */ = {
			isa = PBXProject;
			attributes = {
				LastSwiftUpdateCheck = 0730;
				LastUpgradeCheck = 0730;
				ORGANIZATIONNAME = "Amourine Technologies";
				TargetAttributes = {
					18EB26B81CDD87200033274B = {
						CreatedOnToolsVersion = 7.3.1;
						DevelopmentTeam = NFHP7Z5VAQ;
					};
				};
			};
			buildConfigurationList = 18EB26B41CDD871F0033274B /* Build configuration list for PBXProject "SwiftArrayParse" */;
			compatibilityVersion = "Xcode 3.2";
			developmentRegion = English;
			hasScannedForEncodings = 0;
			knownRegions = (
				en,
				Base,
			);
			mainGroup = 18EB26B01CDD871F0033274B;
			productRefGroup = 18EB26BA1CDD87200033274B /* Products */;
			projectDirPath = "";
			projectRoot = "";
			targets = (
				18EB26B81CDD87200033274B /* SwiftArrayParse */,
			);
		};
/* End PBXProject section */

/* Begin PBXResourcesBuildPhase section */
		18EB26B71CDD87200033274B /* Resources */ = {
			isa = PBXResourcesBuildPhase;
			buildActionMask = 2147483647;
			files = (
				18EB26C71CDD87200033274B /* LaunchScreen.storyboard in Resources */,
				18EB26C41CDD87200033274B /* Assets.xcassets in Resources */,
				18EB26C21CDD87200033274B /* Main.storyboard in Resources */,
			);
			runOnlyForDeploymentPostprocessing = 0;
		};
/* End PBXResourcesBuildPhase section */

/* Begin PBXSourcesBuildPhase section */
		18EB26B51CDD87200033274B /* Sources */ = {
			isa = PBXSourcesBuildPhase;
			buildActionMask = 2147483647;
			files = (
				18EB26BF1CDD87200033274B /* AMSumViewController.swift in Sources */,
				18EB26BD1CDD87200033274B /* AppDelegate.swift in Sources */,
				18C695171CE69AD700CCD846 /* Algorithms.swift in Sources */,
				18C695191CE7A83200CCD846 /* AMSExtension.swift in Sources */,
			);
			runOnlyForDeploymentPostprocessing = 0;
		};
/* End PBXSourcesBuildPhase section */

/* Begin PBXVariantGroup section */
		18EB26C01CDD87200033274B /* Main.storyboard */ = {
			isa = PBXVariantGroup;
			children = (
				18EB26C11CDD87200033274B /* Base */,
			);
			name = Main.storyboard;
			sourceTree = "<group>";
		};
		18EB26C51CDD87200033274B /* LaunchScreen.storyboard */ = {
			isa = PBXVariantGroup;
			children = (
				18EB26C61CDD87200033274B /* Base */,
			);
			name = LaunchScreen.storyboard;
			sourceTree = "<group>";
		};
/* End PBXVariantGroup section */

/* Begin XCBuildConfiguration section */
		18EB26C91CDD87200033274B /* Debug */ = {
			isa = XCBuildConfiguration;
			buildSettings = {
				ALWAYS_SEARCH_USER_PATHS = NO;
				CLANG_ANALYZER_NONNULL = YES;
				CLANG_CXX_LANGUAGE_STANDARD = "gnu++0x";
				CLANG_CXX_LIBRARY = "libc++";
				CLANG_ENABLE_MODULES = YES;
				CLANG_ENABLE_OBJC_ARC = YES;
				CLANG_WARN_BOOL_CONVERSION = YES;
				CLANG_WARN_CONSTANT_CONVERSION = YES;
				CLANG_WARN_DIRECT_OBJC_ISA_USAGE = YES_ERROR;
				CLANG_WARN_EMPTY_BODY = YES;
				CLANG_WARN_ENUM_CONVERSION = YES;
				CLANG_WARN_INT_CONVERSION = YES;
				CLANG_WARN_OBJC_ROOT_CLASS = YES_ERROR;
				CLANG_WARN_UNREACHABLE_CODE = YES;
				CLANG_WARN__DUPLICATE_METHOD_MATCH = YES;
				"CODE_SIGN_IDENTITY[sdk=iphoneos*]" = "iPhone Developer";
				COPY_PHASE_STRIP = NO;
				DEBUG_INFORMATION_FORMAT = dwarf;
				ENABLE_STRICT_OBJC_MSGSEND = YES;
				ENABLE_TESTABILITY = YES;
				GCC_C_LANGUAGE_STANDARD = gnu99;
				GCC_DYNAMIC_NO_PIC = NO;
				GCC_NO_COMMON_BLOCKS = YES;
				GCC_OPTIMIZATION_LEVEL = 0;
				GCC_PREPROCESSOR_DEFINITIONS = (
					"DEBUG=1",
					"$(inherited)",
				);
				GCC_WARN_64_TO_32_BIT_CONVERSION = YES;
				GCC_WARN_ABOUT_RETURN_TYPE = YES_ERROR;
				GCC_WARN_UNDECLARED_SELECTOR = YES;
				GCC_WARN_UNINITIALIZED_AUTOS = YES_AGGRESSIVE;
				GCC_WARN_UNUSED_FUNCTION = YES;
				GCC_WARN_UNUSED_VARIABLE = YES;
				IPHONEOS_DEPLOYMENT_TARGET = 9.3;
				MTL_ENABLE_DEBUG_INFO = YES;
				ONLY_ACTIVE_ARCH = YES;
				SDKROOT = iphoneos;
				SWIFT_OPTIMIZATION_LEVEL = "-Onone";
			};
			name = Debug;
		};
		18EB26CA1CDD87200033274B /* Release */ = {
			isa = XCBuildConfiguration;
			buildSettings = {
				ALWAYS_SEARCH_USER_PATHS = NO;
				CLANG_ANALYZER_NONNULL = YES;
				CLANG_CXX_LANGUAGE_STANDARD = "gnu++0x";
				CLANG_CXX_LIBRARY = "libc++";
				CLANG_ENABLE_MODULES = YES;
				CLANG_ENABLE_OBJC_ARC = YES;
				CLANG_WARN_BOOL_CONVERSION = YES;
				CLANG_WARN_CONSTANT_CONVERSION = YES;
				CLANG_WARN_DIRECT_OBJC_ISA_USAGE = YES_ERROR;
				CLANG_WARN_EMPTY_BODY = YES;
				CLANG_WARN_ENUM_CONVERSION = YES;
				CLANG_WARN_INT_CONVERSION = YES;
				CLANG_WARN_OBJC_ROOT_CLASS = YES_ERROR;
				CLANG_WARN_UNREACHABLE_CODE = YES;
				CLANG_WARN__DUPLICATE_METHOD_MATCH = YES;
				"CODE_SIGN_IDENTITY[sdk=iphoneos*]" = "iPhone Developer";
				COPY_PHASE_STRIP = NO;
				DEBUG_INFORMATION_FORMAT = "dwarf-with-dsym";
				ENABLE_NS_ASSERTIONS = NO;
				ENABLE_STRICT_OBJC_MSGSEND = YES;
				GCC_C_LANGUAGE_STANDARD = gnu99;
				GCC_NO_COMMON_BLOCKS = YES;
				GCC_WARN_64_TO_32_BIT_CONVERSION = YES;
				GCC_WARN_ABOUT_RETURN_TYPE = YES_ERROR;
				GCC_WARN_UNDECLARED_SELECTOR = YES;
				GCC_WARN_UNINITIALIZED_AUTOS = YES_AGGRESSIVE;
				GCC_WARN_UNUSED_FUNCTION = YES;
				GCC_WARN_UNUSED_VARIABLE = YES;
				IPHONEOS_DEPLOYMENT_TARGET = 9.3;
				MTL_ENABLE_DEBUG_INFO = NO;
				SDKROOT = iphoneos;
				VALIDATE_PRODUCT = YES;
			};
			name = Release;
		};
		18EB26CC1CDD87200033274B /* Debug */ = {
			isa = XCBuildConfiguration;
			buildSettings = {
				ASSETCATALOG_COMPILER_APPICON_NAME = AppIcon;
				CODE_SIGN_IDENTITY = "iPhone Developer";
				"CODE_SIGN_IDENTITY[sdk=iphoneos*]" = "iPhone Developer";
				INFOPLIST_FILE = ArrayParse/Info.plist;
				LD_RUNPATH_SEARCH_PATHS = "$(inherited) @executable_path/Frameworks";
				PRODUCT_BUNDLE_IDENTIFIER = com.AmourineTech.ArrayParse;
				PRODUCT_NAME = SwiftArrayParse;
				PROVISIONING_PROFILE = "";
			};
			name = Debug;
		};
		18EB26CD1CDD87200033274B /* Release */ = {
			isa = XCBuildConfiguration;
			buildSettings = {
				ASSETCATALOG_COMPILER_APPICON_NAME = AppIcon;
				CODE_SIGN_IDENTITY = "iPhone Developer";
				"CODE_SIGN_IDENTITY[sdk=iphoneos*]" = "iPhone Developer";
				INFOPLIST_FILE = ArrayParse/Info.plist;
				LD_RUNPATH_SEARCH_PATHS = "$(inherited) @executable_path/Frameworks";
				PRODUCT_BUNDLE_IDENTIFIER = com.AmourineTech.ArrayParse;
				PRODUCT_NAME = SwiftArrayParse;
				PROVISIONING_PROFILE = "";
			};
			name = Release;
		};
/* End XCBuildConfiguration section */

/* Begin XCConfigurationList section */
		18EB26B41CDD871F0033274B /* Build configuration list for PBXProject "SwiftArrayParse" */ = {
			isa = XCConfigurationList;
			buildConfigurations = (
				18EB26C91CDD87200033274B /* Debug */,
				18EB26CA1CDD87200033274B /* Release */,
			);
			defaultConfigurationIsVisible = 0;
			defaultConfigurationName = Release;
		};
		18EB26CB1CDD87200033274B /* Build configuration list for PBXNativeTarget "SwiftArrayParse" */ = {
			isa = XCConfigurationList;
			buildConfigurations = (
				18EB26CC1CDD87200033274B /* Debug */,
				18EB26CD1CDD87200033274B /* Release */,
			);
			defaultConfigurationIsVisible = 0;
			defaultConfigurationName = Release;
		};
/* End XCConfigurationList section */
	};
	rootObject = 18EB26B11CDD871F0033274B /* Project object */;
}
